<?xml version="1.0" encoding="utf-8"?>
<Project ToolsVersion="4.0" xmlns="http://schemas.microsoft.com/developer/msbuild/2003">
  <ItemGroup>
    <Filter Include="Source Files">
      <UniqueIdentifier>{4FC737F1-C7A5-4376-A066-2A32D752A2FF}</UniqueIdentifier>
      <Extensions>cpp;c;cc;cxx;c++;cppm;ixx;def;odl;idl;hpj;bat;asm;asmx</Extensions>
    </Filter>
    <Filter Include="Header Files">
      <UniqueIdentifier>{93995380-89BD-4b04-88EB-625FBE52EBFB}</UniqueIdentifier>
      <Extensions>h;hh;hpp;hxx;h++;hm;inl;inc;ipp;xsd</Extensions>
    </Filter>
    <Filter Include="Resource Files">
      <UniqueIdentifier>{67DA6AB6-F800-4c08-8B7A-83BB121AAD01}</UniqueIdentifier>
      <Extensions>rc;ico;cur;bmp;dlg;rc2;rct;bin;rgs;gif;jpg;jpeg;jpe;resx;tiff;tif;png;wav;mfcribbon-ms</Extensions>
    </Filter>
  </ItemGroup>
  <ItemGroup>
    <ClCompile Include="src\platform\platform_win32.c">
      <Filter>Source Files</Filter>
    </ClCompile>
    <ClCompile Include="src\core\logger.c">
      <Filter>Source Files</Filter>
    </ClCompile>
    <ClCompile Include="src\core\application.c">
      <Filter>Source Files</Filter>
    </ClCompile>
    <ClCompile Include="src\core\kmemory.c">
      <Filter>Source Files</Filter>
    </ClCompile>
    <ClCompile Include="src\containers\darray.c">
      <Filter>Source Files</Filter>
    </ClCompile>
    <ClCompile Include="src\core\input.c">
      <Filter>Source Files</Filter>
    </ClCompile>
    <ClCompile Include="src\core\event.c">
      <Filter>Source Files</Filter>
    </ClCompile>
    <ClCompile Include="src\core\clock.c">
      <Filter>Source Files</Filter>
    </ClCompile>
    <ClCompile Include="src\renderer\renderer_backend.c">
      <Filter>Source Files</Filter>
    </ClCompile>
    <ClCompile Include="src\renderer\renderer_frontend.c">
      <Filter>Source Files</Filter>
    </ClCompile>
    <ClCompile Include="src\renderer\vulkan\vulkan_backend.c">
      <Filter>Source Files</Filter>
    </ClCompile>
    <ClCompile Include="src\core\kstring.c">
      <Filter>Source Files</Filter>
    </ClCompile>
    <ClCompile Include="src\renderer\vulkan\vulkan_device.c">
      <Filter>Source Files</Filter>
    </ClCompile>
    <ClCompile Include="src\renderer\vulkan\vulkan_swapchain.c">
      <Filter>Source Files</Filter>
    </ClCompile>
    <ClCompile Include="src\renderer\vulkan\vulkan_images.c">
      <Filter>Source Files</Filter>
    </ClCompile>
    <ClCompile Include="src\renderer\vulkan\vulkan_command_buffer.c">
      <Filter>Source Files</Filter>
    </ClCompile>
    <ClCompile Include="src\memory\linear_allocator.c">
      <Filter>Source Files</Filter>
    </ClCompile>
    <ClCompile Include="src\renderer\vulkan\vulkan_utils.c">
      <Filter>Source Files</Filter>
    </ClCompile>
    <ClCompile Include="src\math\kmath.c">
      <Filter>Source Files</Filter>
    </ClCompile>
    <ClCompile Include="src\renderer\vulkan\vulkan_shader_utils.c">
      <Filter>Source Files</Filter>
    </ClCompile>
    <ClCompile Include="src\platform\filesystem.c">
      <Filter>Source Files</Filter>
    </ClCompile>
    <ClCompile Include="src\renderer\vulkan\vulkan_pipeline.c">
      <Filter>Source Files</Filter>
    </ClCompile>
    <ClCompile Include="src\renderer\vulkan\vulkan_buffer.c">
      <Filter>Source Files</Filter>
    </ClCompile>
    <ClCompile Include="src\containers\hashtable.c">
      <Filter>Source Files</Filter>
    </ClCompile>
    <ClCompile Include="src\systems\texture_system.c">
      <Filter>Source Files</Filter>
    </ClCompile>
    <ClCompile Include="src\systems\material_system.c">
      <Filter>Source Files</Filter>
    </ClCompile>
    <ClCompile Include="src\systems\geometry_system.c">
      <Filter>Source Files</Filter>
    </ClCompile>
    <ClCompile Include="src\resources\loaders\image_loader.c">
      <Filter>Source Files</Filter>
    </ClCompile>
    <ClCompile Include="src\resources\loaders\material_loader.c">
      <Filter>Source Files</Filter>
    </ClCompile>
    <ClCompile Include="src\resources\loaders\binary_loader.c">
      <Filter>Source Files</Filter>
    </ClCompile>
    <ClCompile Include="src\resources\loaders\text_loader.c">
      <Filter>Source Files</Filter>
    </ClCompile>
    <ClCompile Include="src\systems\resource_system.c">
      <Filter>Source Files</Filter>
    </ClCompile>
    <ClCompile Include="src\resources\loaders\loader_utils.c">
      <Filter>Source Files</Filter>
    </ClCompile>
    <ClCompile Include="src\containers\freelist.c">
      <Filter>Source Files</Filter>
    </ClCompile>
    <ClCompile Include="src\memory\dynamic_allocator.c">
      <Filter>Source Files</Filter>
    </ClCompile>
    <ClCompile Include="src\systems\shader_system.c">
      <Filter>Source Files</Filter>
    </ClCompile>
    <ClCompile Include="src\resources\loaders\shader_loader.c">
      <Filter>Source Files</Filter>
    </ClCompile>
    <ClCompile Include="src\renderer\vulkan\vulkan_images.c">
      <Filter>Source Files</Filter>
    </ClCompile>
    <ClCompile Include="src\math\geometry_utils.c">
      <Filter>Source Files</Filter>
    </ClCompile>
    <ClCompile Include="src\math\transform.c">
      <Filter>Source Files</Filter>
    </ClCompile>
    <ClCompile Include="src\resources\loaders\mesh_loader.c">
      <Filter>Source Files</Filter>
    </ClCompile>
    <ClCompile Include="src\renderer\camera.c">
      <Filter>Source Files</Filter>
    </ClCompile>
    <ClCompile Include="src\systems\camera_system.c">
      <Filter>Source Files</Filter>
    </ClCompile>
    <ClCompile Include="src\renderer\views\render_view_ui.c">
      <Filter>Source Files</Filter>
    </ClCompile>
    <ClCompile Include="src\renderer\views\render_view_world.c">
      <Filter>Source Files</Filter>
    </ClCompile>
    <ClCompile Include="src\systems\render_view_system.c">
      <Filter>Source Files</Filter>
    </ClCompile>
    <ClCompile Include="src\renderer\views\render_view_skybox.c">
      <Filter>Source Files</Filter>
    </ClCompile>
    <ClCompile Include="src\containers\ring_queue.c">
      <Filter>Source Files</Filter>
    </ClCompile>
    <ClCompile Include="src\systems\job_system.c">
      <Filter>Source Files</Filter>
    </ClCompile>
    <ClCompile Include="src\resources\mesh.c">
      <Filter>Source Files</Filter>
    </ClCompile>
  </ItemGroup>
  <ItemGroup>
    <ClInclude Include="src\core\asserts.h">
      <Filter>Header Files</Filter>
    </ClInclude>
    <ClInclude Include="src\core\logger.h">
      <Filter>Header Files</Filter>
    </ClInclude>
    <ClInclude Include="src\platform\platform.h">
      <Filter>Header Files</Filter>
    </ClInclude>
    <ClInclude Include="src\defines.h">
      <Filter>Header Files</Filter>
    </ClInclude>
    <ClInclude Include="src\core\application.h">
      <Filter>Header Files</Filter>
    </ClInclude>
    <ClInclude Include="src\entry.h">
      <Filter>Header Files</Filter>
    </ClInclude>
    <ClInclude Include="src\gametypes.h">
      <Filter>Header Files</Filter>
    </ClInclude>
    <ClInclude Include="src\core\kmemory.h">
      <Filter>Header Files</Filter>
    </ClInclude>
    <ClInclude Include="src\containers\darray.h">
      <Filter>Header Files</Filter>
    </ClInclude>
    <ClInclude Include="src\core\input.h">
      <Filter>Header Files</Filter>
    </ClInclude>
    <ClInclude Include="src\core\event.h">
      <Filter>Header Files</Filter>
    </ClInclude>
    <ClInclude Include="src\core\clock.h">
      <Filter>Header Files</Filter>
    </ClInclude>
    <ClInclude Include="src\renderer\renderer_frontend.h">
      <Filter>Header Files</Filter>
    </ClInclude>
    <ClInclude Include="src\renderer\renderer_backend.h">
      <Filter>Header Files</Filter>
    </ClInclude>
    <ClInclude Include="src\renderer\vulkan\vulkan_backend.h">
      <Filter>Header Files</Filter>
    </ClInclude>
    <ClInclude Include="src\core\kstring.h">
      <Filter>Header Files</Filter>
    </ClInclude>
    <ClInclude Include="src\renderer\vulkan\vulkan_platform.h">
      <Filter>Header Files</Filter>
    </ClInclude>
    <ClInclude Include="src\renderer\vulkan\vulkan_device.h">
      <Filter>Header Files</Filter>
    </ClInclude>
    <ClInclude Include="src\renderer\vulkan\vulkan_swapchain.h">
      <Filter>Header Files</Filter>
    </ClInclude>
    <ClInclude Include="src\renderer\vulkan\vulkan_images.h">
      <Filter>Header Files</Filter>
    </ClInclude>
    <ClInclude Include="src\renderer\vulkan\vulkan_command_buffer.h">
      <Filter>Header Files</Filter>
    </ClInclude>
    <ClInclude Include="src\memory\linear_allocator.h">
      <Filter>Header Files</Filter>
    </ClInclude>
    <ClInclude Include="src\renderer\vulkan\vulkan_utils.h">
      <Filter>Header Files</Filter>
    </ClInclude>
    <ClInclude Include="src\math\math_types.h">
      <Filter>Header Files</Filter>
    </ClInclude>
    <ClInclude Include="src\math\kmath.h">
      <Filter>Header Files</Filter>
    </ClInclude>
    <ClInclude Include="src\renderer\vulkan\vulkan_shader_utils.h">
      <Filter>Header Files</Filter>
    </ClInclude>
    <ClInclude Include="src\platform\filesystem.h">
      <Filter>Header Files</Filter>
    </ClInclude>
    <ClInclude Include="src\renderer\vulkan\vulkan_pipeline.h">
      <Filter>Header Files</Filter>
    </ClInclude>
    <ClInclude Include="src\renderer\vulkan\vulkan_buffer.h">
      <Filter>Header Files</Filter>
    </ClInclude>
    <ClInclude Include="src\resources\resource_types.h">
      <Filter>Header Files</Filter>
    </ClInclude>
    <ClInclude Include="src\vendor\stb_image.h">
      <Filter>Header Files</Filter>
    </ClInclude>
    <ClInclude Include="src\containers\hashtable.h">
      <Filter>Header Files</Filter>
    </ClInclude>
    <ClInclude Include="src\systems\texture_system.h">
      <Filter>Header Files</Filter>
    </ClInclude>
    <ClInclude Include="src\systems\material_system.h">
      <Filter>Header Files</Filter>
    </ClInclude>
    <ClInclude Include="src\systems\geometry_system.h">
      <Filter>Header Files</Filter>
    </ClInclude>
    <ClInclude Include="src\resources\loaders\image_loader.h">
      <Filter>Header Files</Filter>
    </ClInclude>
    <ClInclude Include="src\resources\loaders\material_loader.h">
      <Filter>Header Files</Filter>
    </ClInclude>
    <ClInclude Include="src\resources\loaders\binary_loader.h">
      <Filter>Header Files</Filter>
    </ClInclude>
    <ClInclude Include="src\resources\loaders\text_loader.h">
      <Filter>Header Files</Filter>
    </ClInclude>
    <ClInclude Include="src\systems\resource_system.h">
      <Filter>Header Files</Filter>
    </ClInclude>
    <ClInclude Include="src\resources\loaders\loader_utils.h">
      <Filter>Header Files</Filter>
    </ClInclude>
    <ClInclude Include="src\containers\freelist.h">
      <Filter>Header Files</Filter>
    </ClInclude>
    <ClInclude Include="src\memory\dynamic_allocator.h">
      <Filter>Header Files</Filter>
    </ClInclude>
    <ClInclude Include="src\systems\shader_system.h">
      <Filter>Header Files</Filter>
    </ClInclude>
    <ClInclude Include="src\resources\loaders\shader_loader.h">
      <Filter>Header Files</Filter>
    </ClInclude>
    <ClInclude Include="src\game_types.h">
      <Filter>Header Files</Filter>
    </ClInclude>
    <ClInclude Include="src\math\geometry_utils.h">
      <Filter>Header Files</Filter>
    </ClInclude>
    <ClInclude Include="src\math\transform.h">
      <Filter>Header Files</Filter>
    </ClInclude>
    <ClInclude Include="src\resources\loaders\mesh_loader.h">
      <Filter>Header Files</Filter>
    </ClInclude>
    <ClInclude Include="src\renderer\camera.h">
      <Filter>Header Files</Filter>
    </ClInclude>
    <ClInclude Include="src\systems\camera_system.h">
      <Filter>Header Files</Filter>
    </ClInclude>
    <ClInclude Include="src\renderer\views\render_view_ui.h">
      <Filter>Header Files</Filter>
    </ClInclude>
    <ClInclude Include="src\renderer\views\render_view_world.h">
      <Filter>Header Files</Filter>
    </ClInclude>
    <ClInclude Include="src\systems\render_view_system.h">
      <Filter>Header Files</Filter>
    </ClInclude>
    <ClInclude Include="src\renderer\views\render_view_skybox.h">
      <Filter>Header Files</Filter>
    </ClInclude>
    <ClInclude Include="src\core\kthread.h">
      <Filter>Header Files</Filter>
    </ClInclude>
    <ClInclude Include="src\core\kmutex.h">
      <Filter>Header Files</Filter>
    </ClInclude>
    <ClInclude Include="src\containers\ring_queue.h">
      <Filter>Header Files</Filter>
    </ClInclude>
    <ClInclude Include="src\systems\job_system.h">
      <Filter>Header Files</Filter>
    </ClInclude>
    <ClInclude Include="src\resources\mesh.h">
      <Filter>Header Files</Filter>
    </ClInclude>
  </ItemGroup>
  <ItemGroup>
    <None Include="src\renderer\renderer_types.inl">
      <Filter>Header Files</Filter>
    </None>
    <None Include="src\renderer\vulkan\vulkan_types.inl">
      <Filter>Header Files</Filter>
    </None>
    <None Include="assets\materials\test_material.kmt" />
    <None Include="assets\materials\test_ui_material.kmt" />
    <None Include="assets\materials\cobblestone.kmt" />
    <None Include="assets\materials\paving.kmt" />
    <None Include="assets\materials\paving2.kmt" />
    <None Include="assets\shaders\Shader.Builtin.Skybox.shadercfg" />
  </ItemGroup>
</Project>